// !$*UTF8*$!
{
	archiveVersion = 1;
	classes = {
	};
	objectVersion = 56;
	objects = {

/* Begin PBXBuildFile section */
		0E3997352BA551AC004B15BA /* AppDelegate.m in Sources */ = {isa = PBXBuildFile; fileRef = 0E3997342BA551AC004B15BA /* AppDelegate.m */; };
		0E3997382BA551AC004B15BA /* SceneDelegate.m in Sources */ = {isa = PBXBuildFile; fileRef = 0E3997372BA551AC004B15BA /* SceneDelegate.m */; };
		0E39973B2BA551AC004B15BA /* ViewController.m in Sources */ = {isa = PBXBuildFile; fileRef = 0E39973A2BA551AC004B15BA /* ViewController.m */; };
		0E39973E2BA551AC004B15BA /* Base in Resources */ = {isa = PBXBuildFile; fileRef = 0E39973D2BA551AC004B15BA /* Base */; };
		0E3997402BA551AD004B15BA /* Assets.xcassets in Resources */ = {isa = PBXBuildFile; fileRef = 0E39973F2BA551AD004B15BA /* Assets.xcassets */; };
		0E3997432BA551AD004B15BA /* Base in Resources */ = {isa = PBXBuildFile; fileRef = 0E3997422BA551AD004B15BA /* Base */; };
		0E3997462BA551AD004B15BA /* main.m in Sources */ = {isa = PBXBuildFile; fileRef = 0E3997452BA551AD004B15BA /* main.m */; };
		0E3997502BA551AD004B15BA /* ehome_fcmTests.m in Sources */ = {isa = PBXBuildFile; fileRef = 0E39974F2BA551AD004B15BA /* ehome_fcmTests.m */; };
		0E39975A2BA551AD004B15BA /* ehome_fcmUITests.m in Sources */ = {isa = PBXBuildFile; fileRef = 0E3997592BA551AD004B15BA /* ehome_fcmUITests.m */; };
		0E39975C2BA551AD004B15BA /* ehome_fcmUITestsLaunchTests.m in Sources */ = {isa = PBXBuildFile; fileRef = 0E39975B2BA551AD004B15BA /* ehome_fcmUITestsLaunchTests.m */; };
/* End PBXBuildFile section */

/* Begin PBXContainerItemProxy section */
		0E39974C2BA551AD004B15BA /* PBXContainerItemProxy */ = {
			isa = PBXContainerItemProxy;
			containerPortal = 0E3997282BA551AC004B15BA /* Project object */;
			proxyType = 1;
			remoteGlobalIDString = 0E39972F2BA551AC004B15BA;
			remoteInfo = "ehome fcm";
		};
		0E3997562BA551AD004B15BA /* PBXContainerItemProxy */ = {
			isa = PBXContainerItemProxy;
			containerPortal = 0E3997282BA551AC004B15BA /* Project object */;
			proxyType = 1;
			remoteGlobalIDString = 0E39972F2BA551AC004B15BA;
			remoteInfo = "ehome fcm";
		};
/* End PBXContainerItemProxy section */

/* Begin PBXFileReference section */
		0E3997302BA551AC004B15BA /* ehome fcm.app */ = {isa = PBXFileReference; explicitFileType = wrapper.application; includeInIndex = 0; path = "ehome fcm.app"; sourceTree = BUILT_PRODUCTS_DIR; };
		0E3997332BA551AC004B15BA /* AppDelegate.h */ = {isa = PBXFileReference; lastKnownFileType = sourcecode.c.h; path = AppDelegate.h; sourceTree = "<group>"; };
		0E3997342BA551AC004B15BA /* AppDelegate.m */ = {isa = PBXFileReference; lastKnownFileType = sourcecode.c.objc; path = AppDelegate.m; sourceTree = "<group>"; };
		0E3997362BA551AC004B15BA /* SceneDelegate.h */ = {isa = PBXFileReference; lastKnownFileType = sourcecode.c.h; path = SceneDelegate.h; sourceTree = "<group>"; };
		0E3997372BA551AC004B15BA /* SceneDelegate.m */ = {isa = PBXFileReference; lastKnownFileType = sourcecode.c.objc; path = SceneDelegate.m; sourceTree = "<group>"; };
		0E3997392BA551AC004B15BA /* ViewController.h */ = {isa = PBXFileReference; lastKnownFileType = sourcecode.c.h; path = ViewController.h; sourceTree = "<group>"; };
		0E39973A2BA551AC004B15BA /* ViewController.m */ = {isa = PBXFileReference; lastKnownFileType = sourcecode.c.objc; path = ViewController.m; sourceTree = "<group>"; };
		0E39973D2BA551AC004B15BA /* Base */ = {isa = PBXFileReference; lastKnownFileType = file.storyboard; name = Base; path = Base.lproj/Main.storyboard; sourceTree = "<group>"; };
		0E39973F2BA551AD004B15BA /* Assets.xcassets */ = {isa = PBXFileReference; lastKnownFileType = folder.assetcatalog; path = Assets.xcassets; sourceTree = "<group>"; };
		0E3997422BA551AD004B15BA /* Base */ = {isa = PBXFileReference; lastKnownFileType = file.storyboard; name = Base; path = Base.lproj/LaunchScreen.storyboard; sourceTree = "<group>"; };
		0E3997442BA551AD004B15BA /* Info.plist */ = {isa = PBXFileReference; lastKnownFileType = text.plist.xml; path = Info.plist; sourceTree = "<group>"; };
		0E3997452BA551AD004B15BA /* main.m */ = {isa = PBXFileReference; lastKnownFileType = sourcecode.c.objc; path = main.m; sourceTree = "<group>"; };
		0E39974B2BA551AD004B15BA /* ehome fcmTests.xctest */ = {isa = PBXFileReference; explicitFileType = wrapper.cfbundle; includeInIndex = 0; path = "ehome fcmTests.xctest"; sourceTree = BUILT_PRODUCTS_DIR; };
		0E39974F2BA551AD004B15BA /* ehome_fcmTests.m */ = {isa = PBXFileReference; lastKnownFileType = sourcecode.c.objc; path = ehome_fcmTests.m; sourceTree = "<group>"; };
		0E3997552BA551AD004B15BA /* ehome fcmUITests.xctest */ = {isa = PBXFileReference; explicitFileType = wrapper.cfbundle; includeInIndex = 0; path = "ehome fcmUITests.xctest"; sourceTree = BUILT_PRODUCTS_DIR; };
		0E3997592BA551AD004B15BA /* ehome_fcmUITests.m */ = {isa = PBXFileReference; lastKnownFileType = sourcecode.c.objc; path = ehome_fcmUITests.m; sourceTree = "<group>"; };
		0E39975B2BA551AD004B15BA /* ehome_fcmUITestsLaunchTests.m */ = {isa = PBXFileReference; lastKnownFileType = sourcecode.c.objc; path = ehome_fcmUITestsLaunchTests.m; sourceTree = "<group>"; };
/* End PBXFileReference section */

/* Begin PBXFrameworksBuildPhase section */
		0E39972D2BA551AC004B15BA /* Frameworks */ = {
			isa = PBXFrameworksBuildPhase;
			buildActionMask = 2147483647;
			files = (
			);
			runOnlyForDeploymentPostprocessing = 0;
		};
		0E3997482BA551AD004B15BA /* Frameworks */ = {
			isa = PBXFrameworksBuildPhase;
			buildActionMask = 2147483647;
			files = (
			);
			runOnlyForDeploymentPostprocessing = 0;
		};
		0E3997522BA551AD004B15BA /* Frameworks */ = {
			isa = PBXFrameworksBuildPhase;
			buildActionMask = 2147483647;
			files = (
			);
			runOnlyForDeploymentPostprocessing = 0;
		};
/* End PBXFrameworksBuildPhase section */

/* Begin PBXGroup section */
		0E3997272BA551AC004B15BA = {
			isa = PBXGroup;
			children = (
				0E3997322BA551AC004B15BA /* ehome fcm */,
				0E39974E2BA551AD004B15BA /* ehome fcmTests */,
				0E3997582BA551AD004B15BA /* ehome fcmUITests */,
				0E3997312BA551AC004B15BA /* Products */,
			);
			sourceTree = "<group>";
		};
		0E3997312BA551AC004B15BA /* Products */ = {
			isa = PBXGroup;
			children = (
				0E3997302BA551AC004B15BA /* ehome fcm.app */,
				0E39974B2BA551AD004B15BA /* ehome fcmTests.xctest */,
				0E3997552BA551AD004B15BA /* ehome fcmUITests.xctest */,
			);
			name = Products;
			sourceTree = "<group>";
		};
		0E3997322BA551AC004B15BA /* ehome fcm */ = {
			isa = PBXGroup;
			children = (
				0E3997332BA551AC004B15BA /* AppDelegate.h */,
				0E3997342BA551AC004B15BA /* AppDelegate.m */,
				0E3997362BA551AC004B15BA /* SceneDelegate.h */,
				0E3997372BA551AC004B15BA /* SceneDelegate.m */,
				0E3997392BA551AC004B15BA /* ViewController.h */,
				0E39973A2BA551AC004B15BA /* ViewController.m */,
				0E39973C2BA551AC004B15BA /* Main.storyboard */,
				0E39973F2BA551AD004B15BA /* Assets.xcassets */,
				0E3997412BA551AD004B15BA /* LaunchScreen.storyboard */,
				0E3997442BA551AD004B15BA /* Info.plist */,
				0E3997452BA551AD004B15BA /* main.m */,
			);
			path = "ehome fcm";
			sourceTree = "<group>";
		};
		0E39974E2BA551AD004B15BA /* ehome fcmTests */ = {
			isa = PBXGroup;
			children = (
				0E39974F2BA551AD004B15BA /* ehome_fcmTests.m */,
			);
			path = "ehome fcmTests";
			sourceTree = "<group>";
		};
		0E3997582BA551AD004B15BA /* ehome fcmUITests */ = {
			isa = PBXGroup;
			children = (
				0E3997592BA551AD004B15BA /* ehome_fcmUITests.m */,
				0E39975B2BA551AD004B15BA /* ehome_fcmUITestsLaunchTests.m */,
			);
			path = "ehome fcmUITests";
			sourceTree = "<group>";
		};
/* End PBXGroup section */

/* Begin PBXNativeTarget section */
		0E39972F2BA551AC004B15BA /* ehome fcm */ = {
			isa = PBXNativeTarget;
			buildConfigurationList = 0E39975F2BA551AD004B15BA /* Build configuration list for PBXNativeTarget "ehome fcm" */;
			buildPhases = (
				0E39972C2BA551AC004B15BA /* Sources */,
				0E39972D2BA551AC004B15BA /* Frameworks */,
				0E39972E2BA551AC004B15BA /* Resources */,
			);
			buildRules = (
			);
			dependencies = (
			);
			name = "ehome fcm";
			productName = "ehome fcm";
			productReference = 0E3997302BA551AC004B15BA /* ehome fcm.app */;
			productType = "com.apple.product-type.application";
		};
		0E39974A2BA551AD004B15BA /* ehome fcmTests */ = {
			isa = PBXNativeTarget;
			buildConfigurationList = 0E3997622BA551AD004B15BA /* Build configuration list for PBXNativeTarget "ehome fcmTests" */;
			buildPhases = (
				0E3997472BA551AD004B15BA /* Sources */,
				0E3997482BA551AD004B15BA /* Frameworks */,
				0E3997492BA551AD004B15BA /* Resources */,
			);
			buildRules = (
			);
			dependencies = (
				0E39974D2BA551AD004B15BA /* PBXTargetDependency */,
			);
			name = "ehome fcmTests";
			productName = "ehome fcmTests";
			productReference = 0E39974B2BA551AD004B15BA /* ehome fcmTests.xctest */;
			productType = "com.apple.product-type.bundle.unit-test";
		};
		0E3997542BA551AD004B15BA /* ehome fcmUITests */ = {
			isa = PBXNativeTarget;
			buildConfigurationList = 0E3997652BA551AD004B15BA /* Build configuration list for PBXNativeTarget "ehome fcmUITests" */;
			buildPhases = (
				0E3997512BA551AD004B15BA /* Sources */,
				0E3997522BA551AD004B15BA /* Frameworks */,
				0E3997532BA551AD004B15BA /* Resources */,
			);
			buildRules = (
			);
			dependencies = (
				0E3997572BA551AD004B15BA /* PBXTargetDependency */,
			);
			name = "ehome fcmUITests";
			productName = "ehome fcmUITests";
			productReference = 0E3997552BA551AD004B15BA /* ehome fcmUITests.xctest */;
			productType = "com.apple.product-type.bundle.ui-testing";
		};
/* End PBXNativeTarget section */

/* Begin PBXProject section */
		0E3997282BA551AC004B15BA /* Project object */ = {
			isa = PBXProject;
			attributes = {
				BuildIndependentTargetsInParallel = 1;
				LastUpgradeCheck = 1530;
				TargetAttributes = {
					0E39972F2BA551AC004B15BA = {
						CreatedOnToolsVersion = 15.3;
					};
					0E39974A2BA551AD004B15BA = {
						CreatedOnToolsVersion = 15.3;
						TestTargetID = 0E39972F2BA551AC004B15BA;
					};
					0E3997542BA551AD004B15BA = {
						CreatedOnToolsVersion = 15.3;
						TestTargetID = 0E39972F2BA551AC004B15BA;
					};
				};
			};
			buildConfigurationList = 0E39972B2BA551AC004B15BA /* Build configuration list for PBXProject "ehome fcm" */;
			compatibilityVersion = "Xcode 14.0";
			developmentRegion = en;
			hasScannedForEncodings = 0;
			knownRegions = (
				en,
				Base,
			);
			mainGroup = 0E3997272BA551AC004B15BA;
			productRefGroup = 0E3997312BA551AC004B15BA /* Products */;
			projectDirPath = "";
			projectRoot = "";
			targets = (
				0E39972F2BA551AC004B15BA /* ehome fcm */,
				0E39974A2BA551AD004B15BA /* ehome fcmTests */,
				0E3997542BA551AD004B15BA /* ehome fcmUITests */,
			);
		};
/* End PBXProject section */

/* Begin PBXResourcesBuildPhase section */
		0E39972E2BA551AC004B15BA /* Resources */ = {
			isa = PBXResourcesBuildPhase;
			buildActionMask = 2147483647;
			files = (
				0E3997402BA551AD004B15BA /* Assets.xcassets in Resources */,
				0E3997432BA551AD004B15BA /* Base in Resources */,
				0E39973E2BA551AC004B15BA /* Base in Resources */,
			);
			runOnlyForDeploymentPostprocessing = 0;
		};
		0E3997492BA551AD004B15BA /* Resources */ = {
			isa = PBXResourcesBuildPhase;
			buildActionMask = 2147483647;
			files = (
			);
			runOnlyForDeploymentPostprocessing = 0;
		};
		0E3997532BA551AD004B15BA /* Resources */ = {
			isa = PBXResourcesBuildPhase;
			buildActionMask = 2147483647;
			files = (
			);
			runOnlyForDeploymentPostprocessing = 0;
		};
/* End PBXResourcesBuildPhase section */

/* Begin PBXSourcesBuildPhase section */
		0E39972C2BA551AC004B15BA /* Sources */ = {
			isa = PBXSourcesBuildPhase;
			buildActionMask = 2147483647;
			files = (
				0E39973B2BA551AC004B15BA /* ViewController.m in Sources */,
				0E3997352BA551AC004B15BA /* AppDelegate.m in Sources */,
				0E3997462BA551AD004B15BA /* main.m in Sources */,
				0E3997382BA551AC004B15BA /* SceneDelegate.m in Sources */,
			);
			runOnlyForDeploymentPostprocessing = 0;
		};
		0E3997472BA551AD004B15BA /* Sources */ = {
			isa = PBXSourcesBuildPhase;
			buildActionMask = 2147483647;
			files = (
				0E3997502BA551AD004B15BA /* ehome_fcmTests.m in Sources */,
			);
			runOnlyForDeploymentPostprocessing = 0;
		};
		0E3997512BA551AD004B15BA /* Sources */ = {
			isa = PBXSourcesBuildPhase;
			buildActionMask = 2147483647;
			files = (
				0E39975C2BA551AD004B15BA /* ehome_fcmUITestsLaunchTests.m in Sources */,
				0E39975A2BA551AD004B15BA /* ehome_fcmUITests.m in Sources */,
			);
			runOnlyForDeploymentPostprocessing = 0;
		};
/* End PBXSourcesBuildPhase section */

/* Begin PBXTargetDependency section */
		0E39974D2BA551AD004B15BA /* PBXTargetDependency */ = {
			isa = PBXTargetDependency;
			target = 0E39972F2BA551AC004B15BA /* ehome fcm */;
			targetProxy = 0E39974C2BA551AD004B15BA /* PBXContainerItemProxy */;
		};
		0E3997572BA551AD004B15BA /* PBXTargetDependency */ = {
			isa = PBXTargetDependency;
			target = 0E39972F2BA551AC004B15BA /* ehome fcm */;
			targetProxy = 0E3997562BA551AD004B15BA /* PBXContainerItemProxy */;
		};
/* End PBXTargetDependency section */

/* Begin PBXVariantGroup section */
		0E39973C2BA551AC004B15BA /* Main.storyboard */ = {
			isa = PBXVariantGroup;
			children = (
				0E39973D2BA551AC004B15BA /* Base */,
			);
			name = Main.storyboard;
			sourceTree = "<group>";
		};
		0E3997412BA551AD004B15BA /* LaunchScreen.storyboard */ = {
			isa = PBXVariantGroup;
			children = (
				0E3997422BA551AD004B15BA /* Base */,
			);
			name = LaunchScreen.storyboard;
			sourceTree = "<group>";
		};
/* End PBXVariantGroup section */

/* Begin XCBuildConfiguration section */
		0E39975D2BA551AD004B15BA /* Debug */ = {
			isa = XCBuildConfiguration;
			buildSettings = {
				ALWAYS_SEARCH_USER_PATHS = NO;
				ASSETCATALOG_COMPILER_GENERATE_SWIFT_ASSET_SYMBOL_EXTENSIONS = YES;
				CLANG_ANALYZER_NONNULL = YES;
				CLANG_ANALYZER_NUMBER_OBJECT_CONVERSION = YES_AGGRESSIVE;
				CLANG_CXX_LANGUAGE_STANDARD = "gnu++20";
				CLANG_ENABLE_MODULES = YES;
				CLANG_ENABLE_OBJC_ARC = YES;
				CLANG_ENABLE_OBJC_WEAK = YES;
				CLANG_WARN_BLOCK_CAPTURE_AUTORELEASING = YES;
				CLANG_WARN_BOOL_CONVERSION = YES;
				CLANG_WARN_COMMA = YES;
				CLANG_WARN_CONSTANT_CONVERSION = YES;
				CLANG_WARN_DEPRECATED_OBJC_IMPLEMENTATIONS = YES;
				CLANG_WARN_DIRECT_OBJC_ISA_USAGE = YES_ERROR;
				CLANG_WARN_DOCUMENTATION_COMMENTS = YES;
				CLANG_WARN_EMPTY_BODY = YES;
				CLANG_WARN_ENUM_CONVERSION = YES;
				CLANG_WARN_INFINITE_RECURSION = YES;
				CLANG_WARN_INT_CONVERSION = YES;
				CLANG_WARN_NON_LITERAL_NULL_CONVERSION = YES;
				CLANG_WARN_OBJC_IMPLICIT_RETAIN_SELF = YES;
				CLANG_WARN_OBJC_LITERAL_CONVERSION = YES;
				CLANG_WARN_OBJC_ROOT_CLASS = YES_ERROR;
				CLANG_WARN_QUOTED_INCLUDE_IN_FRAMEWORK_HEADER = YES;
				CLANG_WARN_RANGE_LOOP_ANALYSIS = YES;
				CLANG_WARN_STRICT_PROTOTYPES = YES;
				CLANG_WARN_SUSPICIOUS_MOVE = YES;
				CLANG_WARN_UNGUARDED_AVAILABILITY = YES_AGGRESSIVE;
				CLANG_WARN_UNREACHABLE_CODE = YES;
				CLANG_WARN__DUPLICATE_METHOD_MATCH = YES;
				COPY_PHASE_STRIP = NO;
				DEBUG_INFORMATION_FORMAT = dwarf;
				ENABLE_STRICT_OBJC_MSGSEND = YES;
				ENABLE_TESTABILITY = YES;
				ENABLE_USER_SCRIPT_SANDBOXING = YES;
				GCC_C_LANGUAGE_STANDARD = gnu17;
				GCC_DYNAMIC_NO_PIC = NO;
				GCC_NO_COMMON_BLOCKS = YES;
				GCC_OPTIMIZATION_LEVEL = 0;
				GCC_PREPROCESSOR_DEFINITIONS = (
					"DEBUG=1",
					"$(inherited)",
				);
				GCC_WARN_64_TO_32_BIT_CONVERSION = YES;
				GCC_WARN_ABOUT_RETURN_TYPE = YES_ERROR;
				GCC_WARN_UNDECLARED_SELECTOR = YES;
				GCC_WARN_UNINITIALIZED_AUTOS = YES_AGGRESSIVE;
				GCC_WARN_UNUSED_FUNCTION = YES;
				GCC_WARN_UNUSED_VARIABLE = YES;
				IPHONEOS_DEPLOYMENT_TARGET = 17.4;
				LOCALIZATION_PREFERS_STRING_CATALOGS = YES;
				MTL_ENABLE_DEBUG_INFO = INCLUDE_SOURCE;
				MTL_FAST_MATH = YES;
				ONLY_ACTIVE_ARCH = YES;
				SDKROOT = iphoneos;
			};
			name = Debug;
		};
		0E39975E2BA551AD004B15BA /* Release */ = {
			isa = XCBuildConfiguration;
			buildSettings = {
				ALWAYS_SEARCH_USER_PATHS = NO;
				ASSETCATALOG_COMPILER_GENERATE_SWIFT_ASSET_SYMBOL_EXTENSIONS = YES;
				CLANG_ANALYZER_NONNULL = YES;
				CLANG_ANALYZER_NUMBER_OBJECT_CONVERSION = YES_AGGRESSIVE;
				CLANG_CXX_LANGUAGE_STANDARD = "gnu++20";
				CLANG_ENABLE_MODULES = YES;
				CLANG_ENABLE_OBJC_ARC = YES;
				CLANG_ENABLE_OBJC_WEAK = YES;
				CLANG_WARN_BLOCK_CAPTURE_AUTORELEASING = YES;
				CLANG_WARN_BOOL_CONVERSION = YES;
				CLANG_WARN_COMMA = YES;
				CLANG_WARN_CONSTANT_CONVERSION = YES;
				CLANG_WARN_DEPRECATED_OBJC_IMPLEMENTATIONS = YES;
				CLANG_WARN_DIRECT_OBJC_ISA_USAGE = YES_ERROR;
				CLANG_WARN_DOCUMENTATION_COMMENTS = YES;
				CLANG_WARN_EMPTY_BODY = YES;
				CLANG_WARN_ENUM_CONVERSION = YES;
				CLANG_WARN_INFINITE_RECURSION = YES;
				CLANG_WARN_INT_CONVERSION = YES;
				CLANG_WARN_NON_LITERAL_NULL_CONVERSION = YES;
				CLANG_WARN_OBJC_IMPLICIT_RETAIN_SELF = YES;
				CLANG_WARN_OBJC_LITERAL_CONVERSION = YES;
				CLANG_WARN_OBJC_ROOT_CLASS = YES_ERROR;
				CLANG_WARN_QUOTED_INCLUDE_IN_FRAMEWORK_HEADER = YES;
				CLANG_WARN_RANGE_LOOP_ANALYSIS = YES;
				CLANG_WARN_STRICT_PROTOTYPES = YES;
				CLANG_WARN_SUSPICIOUS_MOVE = YES;
				CLANG_WARN_UNGUARDED_AVAILABILITY = YES_AGGRESSIVE;
				CLANG_WARN_UNREACHABLE_CODE = YES;
				CLANG_WARN__DUPLICATE_METHOD_MATCH = YES;
				COPY_PHASE_STRIP = NO;
				DEBUG_INFORMATION_FORMAT = "dwarf-with-dsym";
				ENABLE_NS_ASSERTIONS = NO;
				ENABLE_STRICT_OBJC_MSGSEND = YES;
				ENABLE_USER_SCRIPT_SANDBOXING = YES;
				GCC_C_LANGUAGE_STANDARD = gnu17;
				GCC_NO_COMMON_BLOCKS = YES;
				GCC_WARN_64_TO_32_BIT_CONVERSION = YES;
				GCC_WARN_ABOUT_RETURN_TYPE = YES_ERROR;
				GCC_WARN_UNDECLARED_SELECTOR = YES;
				GCC_WARN_UNINITIALIZED_AUTOS = YES_AGGRESSIVE;
				GCC_WARN_UNUSED_FUNCTION = YES;
				GCC_WARN_UNUSED_VARIABLE = YES;
				IPHONEOS_DEPLOYMENT_TARGET = 17.4;
				LOCALIZATION_PREFERS_STRING_CATALOGS = YES;
				MTL_ENABLE_DEBUG_INFO = NO;
				MTL_FAST_MATH = YES;
				SDKROOT = iphoneos;
				VALIDATE_PRODUCT = YES;
			};
			name = Release;
		};
		0E3997602BA551AD004B15BA /* Debug */ = {
			isa = XCBuildConfiguration;
			buildSettings = {
				ASSETCATALOG_COMPILER_APPICON_NAME = AppIcon;
				ASSETCATALOG_COMPILER_GLOBAL_ACCENT_COLOR_NAME = AccentColor;
				CODE_SIGN_STYLE = Automatic;
				CURRENT_PROJECT_VERSION = 1;
				DEVELOPMENT_TEAM = 2TWUJ4R2YP;
				GENERATE_INFOPLIST_FILE = YES;
				INFOPLIST_FILE = "ehome fcm/Info.plist";
				INFOPLIST_KEY_UIApplicationSupportsIndirectInputEvents = YES;
				INFOPLIST_KEY_UILaunchStoryboardName = LaunchScreen;
				INFOPLIST_KEY_UIMainStoryboardFile = Main;
				INFOPLIST_KEY_UISupportedInterfaceOrientations_iPad = "UIInterfaceOrientationPortrait UIInterfaceOrientationPortraitUpsideDown UIInterfaceOrientationLandscapeLeft UIInterfaceOrientationLandscapeRight";
				INFOPLIST_KEY_UISupportedInterfaceOrientations_iPhone = "UIInterfaceOrientationPortrait UIInterfaceOrientationLandscapeLeft UIInterfaceOrientationLandscapeRight";
				LD_RUNPATH_SEARCH_PATHS = (
					"$(inherited)",
					"@executable_path/Frameworks",
				);
				MARKETING_VERSION = 1.0;
				PRODUCT_BUNDLE_IDENTIFIER = "com.ehome.fcm.ehome-fcm";
				PRODUCT_NAME = "$(TARGET_NAME)";
				SWIFT_EMIT_LOC_STRINGS = YES;
				TARGETED_DEVICE_FAMILY = "1,2";
			};
			name = Debug;
		};
		0E3997612BA551AD004B15BA /* Release */ = {
			isa = XCBuildConfiguration;
			buildSettings = {
				ASSETCATALOG_COMPILER_APPICON_NAME = AppIcon;
				ASSETCATALOG_COMPILER_GLOBAL_ACCENT_COLOR_NAME = AccentColor;
				CODE_SIGN_STYLE = Automatic;
				CURRENT_PROJECT_VERSION = 1;
				DEVELOPMENT_TEAM = 2TWUJ4R2YP;
				GENERATE_INFOPLIST_FILE = YES;
				INFOPLIST_FILE = "ehome fcm/Info.plist";
				INFOPLIST_KEY_UIApplicationSupportsIndirectInputEvents = YES;
				INFOPLIST_KEY_UILaunchStoryboardName = LaunchScreen;
				INFOPLIST_KEY_UIMainStoryboardFile = Main;
				INFOPLIST_KEY_UISupportedInterfaceOrientations_iPad = "UIInterfaceOrientationPortrait UIInterfaceOrientationPortraitUpsideDown UIInterfaceOrientationLandscapeLeft UIInterfaceOrientationLandscapeRight";
				INFOPLIST_KEY_UISupportedInterfaceOrientations_iPhone = "UIInterfaceOrientationPortrait UIInterfaceOrientationLandscapeLeft UIInterfaceOrientationLandscapeRight";
				LD_RUNPATH_SEARCH_PATHS = (
					"$(inherited)",
					"@executable_path/Frameworks",
				);
				MARKETING_VERSION = 1.0;
				PRODUCT_BUNDLE_IDENTIFIER = "com.ehome.fcm.ehome-fcm";
				PRODUCT_NAME = "$(TARGET_NAME)";
				SWIFT_EMIT_LOC_STRINGS = YES;
				TARGETED_DEVICE_FAMILY = "1,2";
			};
			name = Release;
		};
		0E3997632BA551AD004B15BA /* Debug */ = {
			isa = XCBuildConfiguration;
			buildSettings = {
				BUNDLE_LOADER = "$(TEST_HOST)";
				CODE_SIGN_STYLE = Automatic;
				CURRENT_PROJECT_VERSION = 1;
				DEVELOPMENT_TEAM = 2TWUJ4R2YP;
				GENERATE_INFOPLIST_FILE = YES;
				IPHONEOS_DEPLOYMENT_TARGET = 17.4;
				MARKETING_VERSION = 1.0;
				PRODUCT_BUNDLE_IDENTIFIER = "com.ehome.fcm.ehome-fcmTests";
				PRODUCT_NAME = "$(TARGET_NAME)";
				SWIFT_EMIT_LOC_STRINGS = NO;
				TARGETED_DEVICE_FAMILY = "1,2";
				TEST_HOST = "$(BUILT_PRODUCTS_DIR)/ehome fcm.app/$(BUNDLE_EXECUTABLE_FOLDER_PATH)/ehome fcm";
			};
			name = Debug;
		};
		0E3997642BA551AD004B15BA /* Release */ = {
			isa = XCBuildConfiguration;
			buildSettings = {
				BUNDLE_LOADER = "$(TEST_HOST)";
				CODE_SIGN_STYLE = Automatic;
				CURRENT_PROJECT_VERSION = 1;
				DEVELOPMENT_TEAM = 2TWUJ4R2YP;
				GENERATE_INFOPLIST_FILE = YES;
				IPHONEOS_DEPLOYMENT_TARGET = 17.4;
				MARKETING_VERSION = 1.0;
				PRODUCT_BUNDLE_IDENTIFIER = "com.ehome.fcm.ehome-fcmTests";
				PRODUCT_NAME = "$(TARGET_NAME)";
				SWIFT_EMIT_LOC_STRINGS = NO;
				TARGETED_DEVICE_FAMILY = "1,2";
				TEST_HOST = "$(BUILT_PRODUCTS_DIR)/ehome fcm.app/$(BUNDLE_EXECUTABLE_FOLDER_PATH)/ehome fcm";
			};
			name = Release;
		};
		0E3997662BA551AD004B15BA /* Debug */ = {
			isa = XCBuildConfiguration;
			buildSettings = {
				CODE_SIGN_STYLE = Automatic;
				CURRENT_PROJECT_VERSION = 1;
				DEVELOPMENT_TEAM = 2TWUJ4R2YP;
				GENERATE_INFOPLIST_FILE = YES;
				MARKETING_VERSION = 1.0;
				PRODUCT_BUNDLE_IDENTIFIER = "com.ehome.fcm.ehome-fcmUITests";
				PRODUCT_NAME = "$(TARGET_NAME)";
				SWIFT_EMIT_LOC_STRINGS = NO;
				TARGETED_DEVICE_FAMILY = "1,2";
				TEST_TARGET_NAME = "ehome fcm";
			};
			name = Debug;
		};
		0E3997672BA551AD004B15BA /* Release */ = {
			isa = XCBuildConfiguration;
			buildSettings = {
				CODE_SIGN_STYLE = Automatic;
				CURRENT_PROJECT_VERSION = 1;
				DEVELOPMENT_TEAM = 2TWUJ4R2YP;
				GENERATE_INFOPLIST_FILE = YES;
				MARKETING_VERSION = 1.0;
				PRODUCT_BUNDLE_IDENTIFIER = "com.ehome.fcm.ehome-fcmUITests";
				PRODUCT_NAME = "$(TARGET_NAME)";
				SWIFT_EMIT_LOC_STRINGS = NO;
				TARGETED_DEVICE_FAMILY = "1,2";
				TEST_TARGET_NAME = "ehome fcm";
			};
			name = Release;
		};
/* End XCBuildConfiguration section */

/* Begin XCConfigurationList section */
		0E39972B2BA551AC004B15BA /* Build configuration list for PBXProject "ehome fcm" */ = {
			isa = XCConfigurationList;
			buildConfigurations = (
				0E39975D2BA551AD004B15BA /* Debug */,
				0E39975E2BA551AD004B15BA /* Release */,
			);
			defaultConfigurationIsVisible = 0;
			defaultConfigurationName = Release;
		};
		0E39975F2BA551AD004B15BA /* Build configuration list for PBXNativeTarget "ehome fcm" */ = {
			isa = XCConfigurationList;
			buildConfigurations = (
				0E3997602BA551AD004B15BA /* Debug */,
				0E3997612BA551AD004B15BA /* Release */,
			);
			defaultConfigurationIsVisible = 0;
			defaultConfigurationName = Release;
		};
		0E3997622BA551AD004B15BA /* Build configuration list for PBXNativeTarget "ehome fcmTests" */ = {
			isa = XCConfigurationList;
			buildConfigurations = (
				0E3997632BA551AD004B15BA /* Debug */,
				0E3997642BA551AD004B15BA /* Release */,
			);
			defaultConfigurationIsVisible = 0;
			defaultConfigurationName = Release;
		};
		0E3997652BA551AD004B15BA /* Build configuration list for PBXNativeTarget "ehome fcmUITests" */ = {
			isa = XCConfigurationList;
			buildConfigurations = (
				0E3997662BA551AD004B15BA /* Debug */,
				0E3997672BA551AD004B15BA /* Release */,
			);
			defaultConfigurationIsVisible = 0;
			defaultConfigurationName = Release;
		};
/* End XCConfigurationList section */
	};
	rootObject = 0E3997282BA551AC004B15BA /* Project object */;
}
